// !$*UTF8*$!
{
	archiveVersion = 1;
	classes = {
	};
	objectVersion = 50;
	objects = {

/* Begin PBXBuildFile section */
		8F342C6224D44129000349D8 /* AppDelegate.swift in Sources */ = {isa = PBXBuildFile; fileRef = 8F342C6124D44129000349D8 /* AppDelegate.swift */; };
		8F342C6424D44129000349D8 /* SceneDelegate.swift in Sources */ = {isa = PBXBuildFile; fileRef = 8F342C6324D44129000349D8 /* SceneDelegate.swift */; };
		8F342C6624D44129000349D8 /* ListTableViewController.swift in Sources */ = {isa = PBXBuildFile; fileRef = 8F342C6524D44129000349D8 /* ListTableViewController.swift */; };
		8F342C6924D4412A000349D8 /* Main.storyboard in Resources */ = {isa = PBXBuildFile; fileRef = 8F342C6724D4412A000349D8 /* Main.storyboard */; };
		8F342C6B24D4412B000349D8 /* Assets.xcassets in Resources */ = {isa = PBXBuildFile; fileRef = 8F342C6A24D4412B000349D8 /* Assets.xcassets */; };
		8F342C6E24D4412B000349D8 /* LaunchScreen.storyboard in Resources */ = {isa = PBXBuildFile; fileRef = 8F342C6C24D4412B000349D8 /* LaunchScreen.storyboard */; };
		8F342C7E24D44506000349D8 /* API.swift in Sources */ = {isa = PBXBuildFile; fileRef = 8F342C7D24D44506000349D8 /* API.swift */; };
		8F342C8024D466B3000349D8 /* Mocky.swift in Sources */ = {isa = PBXBuildFile; fileRef = 8F342C7F24D466B3000349D8 /* Mocky.swift */; };
		8F342C8224D46772000349D8 /* ListViewModel.swift in Sources */ = {isa = PBXBuildFile; fileRef = 8F342C8124D46772000349D8 /* ListViewModel.swift */; };
		8F342C8724D503BD000349D8 /* DetailViewController.swift in Sources */ = {isa = PBXBuildFile; fileRef = 8F342C8524D503BD000349D8 /* DetailViewController.swift */; };
		8F342C8824D503BD000349D8 /* DetailViewController.xib in Resources */ = {isa = PBXBuildFile; fileRef = 8F342C8624D503BD000349D8 /* DetailViewController.xib */; };
/* End PBXBuildFile section */

/* Begin PBXFileReference section */
		8F342C5E24D44129000349D8 /* MockyPDFKit.app */ = {isa = PBXFileReference; explicitFileType = wrapper.application; includeInIndex = 0; path = MockyPDFKit.app; sourceTree = BUILT_PRODUCTS_DIR; };
		8F342C6124D44129000349D8 /* AppDelegate.swift */ = {isa = PBXFileReference; lastKnownFileType = sourcecode.swift; path = AppDelegate.swift; sourceTree = "<group>"; };
		8F342C6324D44129000349D8 /* SceneDelegate.swift */ = {isa = PBXFileReference; lastKnownFileType = sourcecode.swift; path = SceneDelegate.swift; sourceTree = "<group>"; };
		8F342C6524D44129000349D8 /* ListTableViewController.swift */ = {isa = PBXFileReference; lastKnownFileType = sourcecode.swift; path = ListTableViewController.swift; sourceTree = "<group>"; };
		8F342C6824D4412A000349D8 /* Base */ = {isa = PBXFileReference; lastKnownFileType = file.storyboard; name = Base; path = Base.lproj/Main.storyboard; sourceTree = "<group>"; };
		8F342C6A24D4412B000349D8 /* Assets.xcassets */ = {isa = PBXFileReference; lastKnownFileType = folder.assetcatalog; path = Assets.xcassets; sourceTree = "<group>"; };
		8F342C6D24D4412B000349D8 /* Base */ = {isa = PBXFileReference; lastKnownFileType = file.storyboard; name = Base; path = Base.lproj/LaunchScreen.storyboard; sourceTree = "<group>"; };
		8F342C6F24D4412B000349D8 /* Info.plist */ = {isa = PBXFileReference; lastKnownFileType = text.plist.xml; path = Info.plist; sourceTree = "<group>"; };
		8F342C7D24D44506000349D8 /* API.swift */ = {isa = PBXFileReference; lastKnownFileType = sourcecode.swift; path = API.swift; sourceTree = "<group>"; };
		8F342C7F24D466B3000349D8 /* Mocky.swift */ = {isa = PBXFileReference; lastKnownFileType = sourcecode.swift; path = Mocky.swift; sourceTree = "<group>"; };
		8F342C8124D46772000349D8 /* ListViewModel.swift */ = {isa = PBXFileReference; lastKnownFileType = sourcecode.swift; path = ListViewModel.swift; sourceTree = "<group>"; };
		8F342C8524D503BD000349D8 /* DetailViewController.swift */ = {isa = PBXFileReference; lastKnownFileType = sourcecode.swift; path = DetailViewController.swift; sourceTree = "<group>"; };
		8F342C8624D503BD000349D8 /* DetailViewController.xib */ = {isa = PBXFileReference; lastKnownFileType = file.xib; path = DetailViewController.xib; sourceTree = "<group>"; };
/* End PBXFileReference section */

/* Begin PBXFrameworksBuildPhase section */
		8F342C5B24D44129000349D8 /* Frameworks */ = {
			isa = PBXFrameworksBuildPhase;
			buildActionMask = 2147483647;
			files = (
			);
			runOnlyForDeploymentPostprocessing = 0;
		};
/* End PBXFrameworksBuildPhase section */

/* Begin PBXGroup section */
		8F342C5524D44129000349D8 = {
			isa = PBXGroup;
			children = (
				8F342C6024D44129000349D8 /* MockyPDFKit */,
				8F342C5F24D44129000349D8 /* Products */,
			);
			sourceTree = "<group>";
		};
		8F342C5F24D44129000349D8 /* Products */ = {
			isa = PBXGroup;
			children = (
				8F342C5E24D44129000349D8 /* MockyPDFKit.app */,
			);
			name = Products;
			sourceTree = "<group>";
		};
		8F342C6024D44129000349D8 /* MockyPDFKit */ = {
			isa = PBXGroup;
			children = (
				8F342C7C24D441A8000349D8 /* Applications */,
				8F342C7B24D4419E000349D8 /* Network */,
				8F342C7A24D44182000349D8 /* Storyboards */,
				8F342C7824D44174000349D8 /* Models */,
				8F342C7724D4416C000349D8 /* View+ViewControllers */,
				8F342C7624D44165000349D8 /* ViewModel */,
				8F342C7524D4415A000349D8 /* Resources */,
			);
			path = MockyPDFKit;
			sourceTree = "<group>";
		};
		8F342C7524D4415A000349D8 /* Resources */ = {
			isa = PBXGroup;
			children = (
				8F342C6A24D4412B000349D8 /* Assets.xcassets */,
				8F342C6F24D4412B000349D8 /* Info.plist */,
			);
			path = Resources;
			sourceTree = "<group>";
		};
		8F342C7624D44165000349D8 /* ViewModel */ = {
			isa = PBXGroup;
			children = (
				8F342C8124D46772000349D8 /* ListViewModel.swift */,
			);
			path = ViewModel;
			sourceTree = "<group>";
		};
		8F342C7724D4416C000349D8 /* View+ViewControllers */ = {
			isa = PBXGroup;
			children = (
				8F342C6524D44129000349D8 /* ListTableViewController.swift */,
				8F342C8524D503BD000349D8 /* DetailViewController.swift */,
				8F342C8624D503BD000349D8 /* DetailViewController.xib */,
			);
			path = "View+ViewControllers";
			sourceTree = "<group>";
		};
		8F342C7824D44174000349D8 /* Models */ = {
			isa = PBXGroup;
			children = (
				8F342C7F24D466B3000349D8 /* Mocky.swift */,
			);
			path = Models;
			sourceTree = "<group>";
		};
		8F342C7A24D44182000349D8 /* Storyboards */ = {
			isa = PBXGroup;
			children = (
				8F342C6724D4412A000349D8 /* Main.storyboard */,
				8F342C6C24D4412B000349D8 /* LaunchScreen.storyboard */,
			);
			path = Storyboards;
			sourceTree = "<group>";
		};
		8F342C7B24D4419E000349D8 /* Network */ = {
			isa = PBXGroup;
			children = (
				8F342C7D24D44506000349D8 /* API.swift */,
			);
			path = Network;
			sourceTree = "<group>";
		};
		8F342C7C24D441A8000349D8 /* Applications */ = {
			isa = PBXGroup;
			children = (
				8F342C6124D44129000349D8 /* AppDelegate.swift */,
				8F342C6324D44129000349D8 /* SceneDelegate.swift */,
			);
			path = Applications;
			sourceTree = "<group>";
		};
/* End PBXGroup section */

/* Begin PBXNativeTarget section */
		8F342C5D24D44129000349D8 /* MockyPDFKit */ = {
			isa = PBXNativeTarget;
			buildConfigurationList = 8F342C7224D4412B000349D8 /* Build configuration list for PBXNativeTarget "MockyPDFKit" */;
			buildPhases = (
				8F342C5A24D44129000349D8 /* Sources */,
				8F342C5B24D44129000349D8 /* Frameworks */,
				8F342C5C24D44129000349D8 /* Resources */,
			);
			buildRules = (
			);
			dependencies = (
			);
			name = MockyPDFKit;
			productName = MockyPDFKit;
			productReference = 8F342C5E24D44129000349D8 /* MockyPDFKit.app */;
			productType = "com.apple.product-type.application";
		};
/* End PBXNativeTarget section */

/* Begin PBXProject section */
		8F342C5624D44129000349D8 /* Project object */ = {
			isa = PBXProject;
			attributes = {
				LastSwiftUpdateCheck = 1150;
				LastUpgradeCheck = 1150;
				ORGANIZATIONNAME = Yefga;
				TargetAttributes = {
					8F342C5D24D44129000349D8 = {
						CreatedOnToolsVersion = 11.5;
					};
				};
			};
			buildConfigurationList = 8F342C5924D44129000349D8 /* Build configuration list for PBXProject "MockyPDFKit" */;
			compatibilityVersion = "Xcode 9.3";
			developmentRegion = en;
			hasScannedForEncodings = 0;
			knownRegions = (
				en,
				Base,
			);
			mainGroup = 8F342C5524D44129000349D8;
			productRefGroup = 8F342C5F24D44129000349D8 /* Products */;
			projectDirPath = "";
			projectRoot = "";
			targets = (
				8F342C5D24D44129000349D8 /* MockyPDFKit */,
			);
		};
/* End PBXProject section */

/* Begin PBXResourcesBuildPhase section */
		8F342C5C24D44129000349D8 /* Resources */ = {
			isa = PBXResourcesBuildPhase;
			buildActionMask = 2147483647;
			files = (
				8F342C6E24D4412B000349D8 /* LaunchScreen.storyboard in Resources */,
				8F342C6B24D4412B000349D8 /* Assets.xcassets in Resources */,
				8F342C6924D4412A000349D8 /* Main.storyboard in Resources */,
				8F342C8824D503BD000349D8 /* DetailViewController.xib in Resources */,
			);
			runOnlyForDeploymentPostprocessing = 0;
		};
/* End PBXResourcesBuildPhase section */

/* Begin PBXSourcesBuildPhase section */
		8F342C5A24D44129000349D8 /* Sources */ = {
			isa = PBXSourcesBuildPhase;
			buildActionMask = 2147483647;
			files = (
				8F342C8024D466B3000349D8 /* Mocky.swift in Sources */,
				8F342C6624D44129000349D8 /* ListTableViewController.swift in Sources */,
				8F342C8224D46772000349D8 /* ListViewModel.swift in Sources */,
				8F342C6224D44129000349D8 /* AppDelegate.swift in Sources */,
				8F342C7E24D44506000349D8 /* API.swift in Sources */,
				8F342C6424D44129000349D8 /* SceneDelegate.swift in Sources */,
				8F342C8724D503BD000349D8 /* DetailViewController.swift in Sources */,
			);
			runOnlyForDeploymentPostprocessing = 0;
		};
/* End PBXSourcesBuildPhase section */

/* Begin PBXVariantGroup section */
		8F342C6724D4412A000349D8 /* Main.storyboard */ = {
			isa = PBXVariantGroup;
			children = (
				8F342C6824D4412A000349D8 /* Base */,
			);
			name = Main.storyboard;
			sourceTree = "<group>";
		};
		8F342C6C24D4412B000349D8 /* LaunchScreen.storyboard */ = {
			isa = PBXVariantGroup;
			children = (
				8F342C6D24D4412B000349D8 /* Base */,
			);
			name = LaunchScreen.storyboard;
			sourceTree = "<group>";
		};
/* End PBXVariantGroup section */

/* Begin XCBuildConfiguration section */
		8F342C7024D4412B000349D8 /* Debug */ = {
			isa = XCBuildConfiguration;
			buildSettings = {
				ALWAYS_SEARCH_USER_PATHS = NO;
				CLANG_ANALYZER_NONNULL = YES;
				CLANG_ANALYZER_NUMBER_OBJECT_CONVERSION = YES_AGGRESSIVE;
				CLANG_CXX_LANGUAGE_STANDARD = "gnu++14";
				CLANG_CXX_LIBRARY = "libc++";
				CLANG_ENABLE_MODULES = YES;
				CLANG_ENABLE_OBJC_ARC = YES;
				CLANG_ENABLE_OBJC_WEAK = YES;
				CLANG_WARN_BLOCK_CAPTURE_AUTORELEASING = YES;
				CLANG_WARN_BOOL_CONVERSION = YES;
				CLANG_WARN_COMMA = YES;
				CLANG_WARN_CONSTANT_CONVERSION = YES;
				CLANG_WARN_DEPRECATED_OBJC_IMPLEMENTATIONS = YES;
				CLANG_WARN_DIRECT_OBJC_ISA_USAGE = YES_ERROR;
				CLANG_WARN_DOCUMENTATION_COMMENTS = YES;
				CLANG_WARN_EMPTY_BODY = YES;
				CLANG_WARN_ENUM_CONVERSION = YES;
				CLANG_WARN_INFINITE_RECURSION = YES;
				CLANG_WARN_INT_CONVERSION = YES;
				CLANG_WARN_NON_LITERAL_NULL_CONVERSION = YES;
				CLANG_WARN_OBJC_IMPLICIT_RETAIN_SELF = YES;
				CLANG_WARN_OBJC_LITERAL_CONVERSION = YES;
				CLANG_WARN_OBJC_ROOT_CLASS = YES_ERROR;
				CLANG_WARN_RANGE_LOOP_ANALYSIS = YES;
				CLANG_WARN_STRICT_PROTOTYPES = YES;
				CLANG_WARN_SUSPICIOUS_MOVE = YES;
				CLANG_WARN_UNGUARDED_AVAILABILITY = YES_AGGRESSIVE;
				CLANG_WARN_UNREACHABLE_CODE = YES;
				CLANG_WARN__DUPLICATE_METHOD_MATCH = YES;
				COPY_PHASE_STRIP = NO;
				DEBUG_INFORMATION_FORMAT = dwarf;
				ENABLE_STRICT_OBJC_MSGSEND = YES;
				ENABLE_TESTABILITY = YES;
				GCC_C_LANGUAGE_STANDARD = gnu11;
				GCC_DYNAMIC_NO_PIC = NO;
				GCC_NO_COMMON_BLOCKS = YES;
				GCC_OPTIMIZATION_LEVEL = 0;
				GCC_PREPROCESSOR_DEFINITIONS = (
					"DEBUG=1",
					"$(inherited)",
				);
				GCC_WARN_64_TO_32_BIT_CONVERSION = YES;
				GCC_WARN_ABOUT_RETURN_TYPE = YES_ERROR;
				GCC_WARN_UNDECLARED_SELECTOR = YES;
				GCC_WARN_UNINITIALIZED_AUTOS = YES_AGGRESSIVE;
				GCC_WARN_UNUSED_FUNCTION = YES;
				GCC_WARN_UNUSED_VARIABLE = YES;
				IPHONEOS_DEPLOYMENT_TARGET = 13.5;
				MTL_ENABLE_DEBUG_INFO = INCLUDE_SOURCE;
				MTL_FAST_MATH = YES;
				ONLY_ACTIVE_ARCH = YES;
				SDKROOT = iphoneos;
				SWIFT_ACTIVE_COMPILATION_CONDITIONS = DEBUG;
				SWIFT_OPTIMIZATION_LEVEL = "-Onone";
			};
			name = Debug;
		};
		8F342C7124D4412B000349D8 /* Release */ = {
			isa = XCBuildConfiguration;
			buildSettings = {
				ALWAYS_SEARCH_USER_PATHS = NO;
				CLANG_ANALYZER_NONNULL = YES;
				CLANG_ANALYZER_NUMBER_OBJECT_CONVERSION = YES_AGGRESSIVE;
				CLANG_CXX_LANGUAGE_STANDARD = "gnu++14";
				CLANG_CXX_LIBRARY = "libc++";
				CLANG_ENABLE_MODULES = YES;
				CLANG_ENABLE_OBJC_ARC = YES;
				CLANG_ENABLE_OBJC_WEAK = YES;
				CLANG_WARN_BLOCK_CAPTURE_AUTORELEASING = YES;
				CLANG_WARN_BOOL_CONVERSION = YES;
				CLANG_WARN_COMMA = YES;
				CLANG_WARN_CONSTANT_CONVERSION = YES;
				CLANG_WARN_DEPRECATED_OBJC_IMPLEMENTATIONS = YES;
				CLANG_WARN_DIRECT_OBJC_ISA_USAGE = YES_ERROR;
				CLANG_WARN_DOCUMENTATION_COMMENTS = YES;
				CLANG_WARN_EMPTY_BODY = YES;
				CLANG_WARN_ENUM_CONVERSION = YES;
				CLANG_WARN_INFINITE_RECURSION = YES;
				CLANG_WARN_INT_CONVERSION = YES;
				CLANG_WARN_NON_LITERAL_NULL_CONVERSION = YES;
				CLANG_WARN_OBJC_IMPLICIT_RETAIN_SELF = YES;
				CLANG_WARN_OBJC_LITERAL_CONVERSION = YES;
				CLANG_WARN_OBJC_ROOT_CLASS = YES_ERROR;
				CLANG_WARN_RANGE_LOOP_ANALYSIS = YES;
				CLANG_WARN_STRICT_PROTOTYPES = YES;
				CLANG_WARN_SUSPICIOUS_MOVE = YES;
				CLANG_WARN_UNGUARDED_AVAILABILITY = YES_AGGRESSIVE;
				CLANG_WARN_UNREACHABLE_CODE = YES;
				CLANG_WARN__DUPLICATE_METHOD_MATCH = YES;
				COPY_PHASE_STRIP = NO;
				DEBUG_INFORMATION_FORMAT = "dwarf-with-dsym";
				ENABLE_NS_ASSERTIONS = NO;
				ENABLE_STRICT_OBJC_MSGSEND = YES;
				GCC_C_LANGUAGE_STANDARD = gnu11;
				GCC_NO_COMMON_BLOCKS = YES;
				GCC_WARN_64_TO_32_BIT_CONVERSION = YES;
				GCC_WARN_ABOUT_RETURN_TYPE = YES_ERROR;
				GCC_WARN_UNDECLARED_SELECTOR = YES;
				GCC_WARN_UNINITIALIZED_AUTOS = YES_AGGRESSIVE;
				GCC_WARN_UNUSED_FUNCTION = YES;
				GCC_WARN_UNUSED_VARIABLE = YES;
				IPHONEOS_DEPLOYMENT_TARGET = 13.5;
				MTL_ENABLE_DEBUG_INFO = NO;
				MTL_FAST_MATH = YES;
				SDKROOT = iphoneos;
				SWIFT_COMPILATION_MODE = wholemodule;
				SWIFT_OPTIMIZATION_LEVEL = "-O";
				VALIDATE_PRODUCT = YES;
			};
			name = Release;
		};
		8F342C7324D4412B000349D8 /* Debug */ = {
			isa = XCBuildConfiguration;
			buildSettings = {
				ASSETCATALOG_COMPILER_APPICON_NAME = AppIcon;
				CODE_SIGN_STYLE = Automatic;
				DEVELOPMENT_TEAM = 9V3Y7678SR;
				INFOPLIST_FILE = "$(SRCROOT)/MockyPDFKit/Resources/Info.plist";
				IPHONEOS_DEPLOYMENT_TARGET = 11.0;
				LD_RUNPATH_SEARCH_PATHS = (
					"$(inherited)",
					"@executable_path/Frameworks",
				);
				PRODUCT_BUNDLE_IDENTIFIER = com.yefga.MockyPDFKit;
				PRODUCT_NAME = "$(TARGET_NAME)";
				SWIFT_VERSION = 5.0;
				TARGETED_DEVICE_FAMILY = "1,2";
			};
			name = Debug;
		};
		8F342C7424D4412B000349D8 /* Release */ = {
			isa = XCBuildConfiguration;
			buildSettings = {
				ASSETCATALOG_COMPILER_APPICON_NAME = AppIcon;
				CODE_SIGN_STYLE = Automatic;
				DEVELOPMENT_TEAM = 9V3Y7678SR;
				INFOPLIST_FILE = "$(SRCROOT)/MockyPDFKit/Resources/Info.plist";
				IPHONEOS_DEPLOYMENT_TARGET = 11.0;
				LD_RUNPATH_SEARCH_PATHS = (
					"$(inherited)",
					"@executable_path/Frameworks",
				);
				PRODUCT_BUNDLE_IDENTIFIER = com.yefga.MockyPDFKit;
				PRODUCT_NAME = "$(TARGET_NAME)";
				SWIFT_VERSION = 5.0;
				TARGETED_DEVICE_FAMILY = "1,2";
			};
			name = Release;
		};
/* End XCBuildConfiguration section */

/* Begin XCConfigurationList section */
		8F342C5924D44129000349D8 /* Build configuration list for PBXProject "MockyPDFKit" */ = {
			isa = XCConfigurationList;
			buildConfigurations = (
				8F342C7024D4412B000349D8 /* Debug */,
				8F342C7124D4412B000349D8 /* Release */,
			);
			defaultConfigurationIsVisible = 0;
			defaultConfigurationName = Release;
		};
		8F342C7224D4412B000349D8 /* Build configuration list for PBXNativeTarget "MockyPDFKit" */ = {
			isa = XCConfigurationList;
			buildConfigurations = (
				8F342C7324D4412B000349D8 /* Debug */,
				8F342C7424D4412B000349D8 /* Release */,
			);
			defaultConfigurationIsVisible = 0;
			defaultConfigurationName = Release;
		};
/* End XCConfigurationList section */
	};
	rootObject = 8F342C5624D44129000349D8 /* Project object */;
}
